
Microsoft Visual Studio Solution File, Format Version 12.00
# Visual Studio Version 17
VisualStudioVersion = 17.9.34728.123
MinimumVisualStudioVersion = 10.0.40219.1
Project("{FAE04EC0-301F-11D3-BF4B-00C04F79EFBC}") = "Assignment7.3", "Assignment7.3.csproj", "{033DD0F2-62D5-4644-9BEA-1B9C4929716B}"
EndProject
Global
	GlobalSection(SolutionConfigurationPlatforms) = preSolution
		Debug|Any CPU = Debug|Any CPU
		Release|Any CPU = Release|Any CPU
	EndGlobalSection
	GlobalSection(ProjectConfigurationPlatforms) = postSolution
		{033DD0F2-62D5-4644-9BEA-1B9C4929716B}.Debug|Any CPU.ActiveCfg = Debug|Any CPU
		{033DD0F2-62D5-4644-9BEA-1B9C4929716B}.Debug|Any CPU.Build.0 = Debug|Any CPU
		{033DD0F2-62D5-4644-9BEA-1B9C4929716B}.Release|Any CPU.ActiveCfg = Release|Any CPU
		{033DD0F2-62D5-4644-9BEA-1B9C4929716B}.Release|Any CPU.Build.0 = Release|Any CPU
	EndGlobalSection
	GlobalSection(SolutionProperties) = preSolution
		HideSolutionNode = FALSE
	EndGlobalSection
	GlobalSection(ExtensibilityGlobals) = postSolution
		SolutionGuid = {7F06474E-69FD-4C93-BD66-CFBAA5624D24}
	EndGlobalSection
EndGlobal
